// !$*UTF8*$!
{
	archiveVersion = 1;
	classes = {
	};
	objectVersion = 56;
	objects = {

/* Begin PBXBuildFile section */
		1855A2182C4FD224009BA481 /* OrganizationDetailView.swift in Sources */ = {isa = PBXBuildFile; fileRef = 1855A2112C4FD224009BA481 /* OrganizationDetailView.swift */; };
		1855A2192C4FD224009BA481 /* OrganizationDetailViewModel.swift in Sources */ = {isa = PBXBuildFile; fileRef = 1855A2122C4FD224009BA481 /* OrganizationDetailViewModel.swift */; };
		1855A21A2C4FD224009BA481 /* RaitingView.swift in Sources */ = {isa = PBXBuildFile; fileRef = 1855A2132C4FD224009BA481 /* RaitingView.swift */; };
		1855A21B2C4FD224009BA481 /* OrganizationsView.swift in Sources */ = {isa = PBXBuildFile; fileRef = 1855A2152C4FD224009BA481 /* OrganizationsView.swift */; };
		1855A21C2C4FD224009BA481 /* OrganizationsViewModel.swift in Sources */ = {isa = PBXBuildFile; fileRef = 1855A2162C4FD224009BA481 /* OrganizationsViewModel.swift */; };
		1855A2222C4FD26A009BA481 /* NetworkManager.swift in Sources */ = {isa = PBXBuildFile; fileRef = 1855A21D2C4FD26A009BA481 /* NetworkManager.swift */; };
		1855A2232C4FD26A009BA481 /* OrganizationModelDetail.swift in Sources */ = {isa = PBXBuildFile; fileRef = 1855A21F2C4FD26A009BA481 /* OrganizationModelDetail.swift */; };
		1855A2242C4FD26A009BA481 /* OrganizationsModel.swift in Sources */ = {isa = PBXBuildFile; fileRef = 1855A2202C4FD26A009BA481 /* OrganizationsModel.swift */; };
		18AE7FB02C450E8D004DB1FC /* TestTaskForIncetroApp.swift in Sources */ = {isa = PBXBuildFile; fileRef = 18AE7FAF2C450E8D004DB1FC /* TestTaskForIncetroApp.swift */; };
		18AE7FB42C450E8F004DB1FC /* Assets.xcassets in Resources */ = {isa = PBXBuildFile; fileRef = 18AE7FB32C450E8F004DB1FC /* Assets.xcassets */; };
		18AE7FB72C450E8F004DB1FC /* Preview Assets.xcassets in Resources */ = {isa = PBXBuildFile; fileRef = 18AE7FB62C450E8F004DB1FC /* Preview Assets.xcassets */; };
/* End PBXBuildFile section */

/* Begin PBXFileReference section */
		1855A2112C4FD224009BA481 /* OrganizationDetailView.swift */ = {isa = PBXFileReference; fileEncoding = 4; lastKnownFileType = sourcecode.swift; path = OrganizationDetailView.swift; sourceTree = "<group>"; };
		1855A2122C4FD224009BA481 /* OrganizationDetailViewModel.swift */ = {isa = PBXFileReference; fileEncoding = 4; lastKnownFileType = sourcecode.swift; path = OrganizationDetailViewModel.swift; sourceTree = "<group>"; };
		1855A2132C4FD224009BA481 /* RaitingView.swift */ = {isa = PBXFileReference; fileEncoding = 4; lastKnownFileType = sourcecode.swift; path = RaitingView.swift; sourceTree = "<group>"; };
		1855A2152C4FD224009BA481 /* OrganizationsView.swift */ = {isa = PBXFileReference; fileEncoding = 4; lastKnownFileType = sourcecode.swift; path = OrganizationsView.swift; sourceTree = "<group>"; };
		1855A2162C4FD224009BA481 /* OrganizationsViewModel.swift */ = {isa = PBXFileReference; fileEncoding = 4; lastKnownFileType = sourcecode.swift; path = OrganizationsViewModel.swift; sourceTree = "<group>"; };
		1855A21D2C4FD26A009BA481 /* NetworkManager.swift */ = {isa = PBXFileReference; fileEncoding = 4; lastKnownFileType = sourcecode.swift; path = NetworkManager.swift; sourceTree = "<group>"; };
		1855A21F2C4FD26A009BA481 /* OrganizationModelDetail.swift */ = {isa = PBXFileReference; fileEncoding = 4; lastKnownFileType = sourcecode.swift; path = OrganizationModelDetail.swift; sourceTree = "<group>"; };
		1855A2202C4FD26A009BA481 /* OrganizationsModel.swift */ = {isa = PBXFileReference; fileEncoding = 4; lastKnownFileType = sourcecode.swift; path = OrganizationsModel.swift; sourceTree = "<group>"; };
		18AE7FAC2C450E8D004DB1FC /* TestTaskForIncetro.app */ = {isa = PBXFileReference; explicitFileType = wrapper.application; includeInIndex = 0; path = TestTaskForIncetro.app; sourceTree = BUILT_PRODUCTS_DIR; };
		18AE7FAF2C450E8D004DB1FC /* TestTaskForIncetroApp.swift */ = {isa = PBXFileReference; lastKnownFileType = sourcecode.swift; path = TestTaskForIncetroApp.swift; sourceTree = "<group>"; };
		18AE7FB32C450E8F004DB1FC /* Assets.xcassets */ = {isa = PBXFileReference; lastKnownFileType = folder.assetcatalog; path = Assets.xcassets; sourceTree = "<group>"; };
		18AE7FB62C450E8F004DB1FC /* Preview Assets.xcassets */ = {isa = PBXFileReference; lastKnownFileType = folder.assetcatalog; path = "Preview Assets.xcassets"; sourceTree = "<group>"; };
/* End PBXFileReference section */

/* Begin PBXFrameworksBuildPhase section */
		18AE7FA92C450E8D004DB1FC /* Frameworks */ = {
			isa = PBXFrameworksBuildPhase;
			buildActionMask = 2147483647;
			files = (
			);
			runOnlyForDeploymentPostprocessing = 0;
		};
/* End PBXFrameworksBuildPhase section */

/* Begin PBXGroup section */
		1855A2142C4FD224009BA481 /* OrganizationDetailView */ = {
			isa = PBXGroup;
			children = (
				1855A2112C4FD224009BA481 /* OrganizationDetailView.swift */,
				1855A2122C4FD224009BA481 /* OrganizationDetailViewModel.swift */,
				1855A2132C4FD224009BA481 /* RaitingView.swift */,
			);
			path = OrganizationDetailView;
			sourceTree = "<group>";
		};
		1855A2172C4FD224009BA481 /* OrganizationsView */ = {
			isa = PBXGroup;
			children = (
				1855A2152C4FD224009BA481 /* OrganizationsView.swift */,
				1855A2162C4FD224009BA481 /* OrganizationsViewModel.swift */,
				1855A2142C4FD224009BA481 /* OrganizationDetailView */,
			);
			path = OrganizationsView;
			sourceTree = "<group>";
		};
		1855A21E2C4FD26A009BA481 /* Networking */ = {
			isa = PBXGroup;
			children = (
				1855A21D2C4FD26A009BA481 /* NetworkManager.swift */,
			);
			path = Networking;
			sourceTree = "<group>";
		};
		1855A2212C4FD26A009BA481 /* Models */ = {
			isa = PBXGroup;
			children = (
				1855A21F2C4FD26A009BA481 /* OrganizationModelDetail.swift */,
				1855A2202C4FD26A009BA481 /* OrganizationsModel.swift */,
			);
			name = Models;
			path = TestTaskForIncetro/Models;
			sourceTree = SOURCE_ROOT;
		};
		18AE7FA32C450E8D004DB1FC = {
			isa = PBXGroup;
			children = (
				18AE7FAE2C450E8D004DB1FC /* TestTaskForIncetro */,
				18AE7FAD2C450E8D004DB1FC /* Products */,
			);
			sourceTree = "<group>";
		};
		18AE7FAD2C450E8D004DB1FC /* Products */ = {
			isa = PBXGroup;
			children = (
				18AE7FAC2C450E8D004DB1FC /* TestTaskForIncetro.app */,
			);
			name = Products;
			sourceTree = "<group>";
		};
		18AE7FAE2C450E8D004DB1FC /* TestTaskForIncetro */ = {
			isa = PBXGroup;
			children = (
				18AE7FAF2C450E8D004DB1FC /* TestTaskForIncetroApp.swift */,
				1855A21E2C4FD26A009BA481 /* Networking */,
				1855A2212C4FD26A009BA481 /* Models */,
				1855A2172C4FD224009BA481 /* OrganizationsView */,
				18AE7FB32C450E8F004DB1FC /* Assets.xcassets */,
				18AE7FB52C450E8F004DB1FC /* Preview Content */,
			);
			path = TestTaskForIncetro;
			sourceTree = "<group>";
		};
		18AE7FB52C450E8F004DB1FC /* Preview Content */ = {
			isa = PBXGroup;
			children = (
				18AE7FB62C450E8F004DB1FC /* Preview Assets.xcassets */,
			);
			path = "Preview Content";
			sourceTree = "<group>";
		};
/* End PBXGroup section */

/* Begin PBXNativeTarget section */
		18AE7FAB2C450E8D004DB1FC /* TestTaskForIncetro */ = {
			isa = PBXNativeTarget;
			buildConfigurationList = 18AE7FBA2C450E8F004DB1FC /* Build configuration list for PBXNativeTarget "TestTaskForIncetro" */;
			buildPhases = (
				18AE7FA82C450E8D004DB1FC /* Sources */,
				18AE7FA92C450E8D004DB1FC /* Frameworks */,
				18AE7FAA2C450E8D004DB1FC /* Resources */,
			);
			buildRules = (
			);
			dependencies = (
			);
			name = TestTaskForIncetro;
			productName = TestTaskForIncetro;
			productReference = 18AE7FAC2C450E8D004DB1FC /* TestTaskForIncetro.app */;
			productType = "com.apple.product-type.application";
		};
/* End PBXNativeTarget section */

/* Begin PBXProject section */
		18AE7FA42C450E8D004DB1FC /* Project object */ = {
			isa = PBXProject;
			attributes = {
				BuildIndependentTargetsInParallel = 1;
				LastSwiftUpdateCheck = 1540;
				LastUpgradeCheck = 1540;
				TargetAttributes = {
					18AE7FAB2C450E8D004DB1FC = {
						CreatedOnToolsVersion = 15.4;
					};
				};
			};
			buildConfigurationList = 18AE7FA72C450E8D004DB1FC /* Build configuration list for PBXProject "TestTaskForIncetro" */;
			compatibilityVersion = "Xcode 14.0";
			developmentRegion = en;
			hasScannedForEncodings = 0;
			knownRegions = (
				en,
				Base,
			);
			mainGroup = 18AE7FA32C450E8D004DB1FC;
			productRefGroup = 18AE7FAD2C450E8D004DB1FC /* Products */;
			projectDirPath = "";
			projectRoot = "";
			targets = (
				18AE7FAB2C450E8D004DB1FC /* TestTaskForIncetro */,
			);
		};
/* End PBXProject section */

/* Begin PBXResourcesBuildPhase section */
		18AE7FAA2C450E8D004DB1FC /* Resources */ = {
			isa = PBXResourcesBuildPhase;
			buildActionMask = 2147483647;
			files = (
				18AE7FB72C450E8F004DB1FC /* Preview Assets.xcassets in Resources */,
				18AE7FB42C450E8F004DB1FC /* Assets.xcassets in Resources */,
			);
			runOnlyForDeploymentPostprocessing = 0;
		};
/* End PBXResourcesBuildPhase section */

/* Begin PBXSourcesBuildPhase section */
		18AE7FA82C450E8D004DB1FC /* Sources */ = {
			isa = PBXSourcesBuildPhase;
			buildActionMask = 2147483647;
			files = (
				1855A2182C4FD224009BA481 /* OrganizationDetailView.swift in Sources */,
				1855A2242C4FD26A009BA481 /* OrganizationsModel.swift in Sources */,
				1855A2232C4FD26A009BA481 /* OrganizationModelDetail.swift in Sources */,
				1855A21A2C4FD224009BA481 /* RaitingView.swift in Sources */,
				1855A2192C4FD224009BA481 /* OrganizationDetailViewModel.swift in Sources */,
				1855A2222C4FD26A009BA481 /* NetworkManager.swift in Sources */,
				1855A21C2C4FD224009BA481 /* OrganizationsViewModel.swift in Sources */,
				18AE7FB02C450E8D004DB1FC /* TestTaskForIncetroApp.swift in Sources */,
				1855A21B2C4FD224009BA481 /* OrganizationsView.swift in Sources */,
			);
			runOnlyForDeploymentPostprocessing = 0;
		};
/* End PBXSourcesBuildPhase section */

/* Begin XCBuildConfiguration section */
		18AE7FB82C450E8F004DB1FC /* Debug */ = {
			isa = XCBuildConfiguration;
			buildSettings = {
				ALWAYS_SEARCH_USER_PATHS = NO;
				ASSETCATALOG_COMPILER_GENERATE_SWIFT_ASSET_SYMBOL_EXTENSIONS = YES;
				CLANG_ANALYZER_NONNULL = YES;
				CLANG_ANALYZER_NUMBER_OBJECT_CONVERSION = YES_AGGRESSIVE;
				CLANG_CXX_LANGUAGE_STANDARD = "gnu++20";
				CLANG_ENABLE_MODULES = YES;
				CLANG_ENABLE_OBJC_ARC = YES;
				CLANG_ENABLE_OBJC_WEAK = YES;
				CLANG_WARN_BLOCK_CAPTURE_AUTORELEASING = YES;
				CLANG_WARN_BOOL_CONVERSION = YES;
				CLANG_WARN_COMMA = YES;
				CLANG_WARN_CONSTANT_CONVERSION = YES;
				CLANG_WARN_DEPRECATED_OBJC_IMPLEMENTATIONS = YES;
				CLANG_WARN_DIRECT_OBJC_ISA_USAGE = YES_ERROR;
				CLANG_WARN_DOCUMENTATION_COMMENTS = YES;
				CLANG_WARN_EMPTY_BODY = YES;
				CLANG_WARN_ENUM_CONVERSION = YES;
				CLANG_WARN_INFINITE_RECURSION = YES;
				CLANG_WARN_INT_CONVERSION = YES;
				CLANG_WARN_NON_LITERAL_NULL_CONVERSION = YES;
				CLANG_WARN_OBJC_IMPLICIT_RETAIN_SELF = YES;
				CLANG_WARN_OBJC_LITERAL_CONVERSION = YES;
				CLANG_WARN_OBJC_ROOT_CLASS = YES_ERROR;
				CLANG_WARN_QUOTED_INCLUDE_IN_FRAMEWORK_HEADER = YES;
				CLANG_WARN_RANGE_LOOP_ANALYSIS = YES;
				CLANG_WARN_STRICT_PROTOTYPES = YES;
				CLANG_WARN_SUSPICIOUS_MOVE = YES;
				CLANG_WARN_UNGUARDED_AVAILABILITY = YES_AGGRESSIVE;
				CLANG_WARN_UNREACHABLE_CODE = YES;
				CLANG_WARN__DUPLICATE_METHOD_MATCH = YES;
				COPY_PHASE_STRIP = NO;
				DEBUG_INFORMATION_FORMAT = dwarf;
				ENABLE_STRICT_OBJC_MSGSEND = YES;
				ENABLE_TESTABILITY = YES;
				ENABLE_USER_SCRIPT_SANDBOXING = YES;
				GCC_C_LANGUAGE_STANDARD = gnu17;
				GCC_DYNAMIC_NO_PIC = NO;
				GCC_NO_COMMON_BLOCKS = YES;
				GCC_OPTIMIZATION_LEVEL = 0;
				GCC_PREPROCESSOR_DEFINITIONS = (
					"DEBUG=1",
					"$(inherited)",
				);
				GCC_WARN_64_TO_32_BIT_CONVERSION = YES;
				GCC_WARN_ABOUT_RETURN_TYPE = YES_ERROR;
				GCC_WARN_UNDECLARED_SELECTOR = YES;
				GCC_WARN_UNINITIALIZED_AUTOS = YES_AGGRESSIVE;
				GCC_WARN_UNUSED_FUNCTION = YES;
				GCC_WARN_UNUSED_VARIABLE = YES;
				IPHONEOS_DEPLOYMENT_TARGET = 17.5;
				LOCALIZATION_PREFERS_STRING_CATALOGS = YES;
				MTL_ENABLE_DEBUG_INFO = INCLUDE_SOURCE;
				MTL_FAST_MATH = YES;
				ONLY_ACTIVE_ARCH = YES;
				SDKROOT = iphoneos;
				SWIFT_ACTIVE_COMPILATION_CONDITIONS = "DEBUG $(inherited)";
				SWIFT_OPTIMIZATION_LEVEL = "-Onone";
			};
			name = Debug;
		};
		18AE7FB92C450E8F004DB1FC /* Release */ = {
			isa = XCBuildConfiguration;
			buildSettings = {
				ALWAYS_SEARCH_USER_PATHS = NO;
				ASSETCATALOG_COMPILER_GENERATE_SWIFT_ASSET_SYMBOL_EXTENSIONS = YES;
				CLANG_ANALYZER_NONNULL = YES;
				CLANG_ANALYZER_NUMBER_OBJECT_CONVERSION = YES_AGGRESSIVE;
				CLANG_CXX_LANGUAGE_STANDARD = "gnu++20";
				CLANG_ENABLE_MODULES = YES;
				CLANG_ENABLE_OBJC_ARC = YES;
				CLANG_ENABLE_OBJC_WEAK = YES;
				CLANG_WARN_BLOCK_CAPTURE_AUTORELEASING = YES;
				CLANG_WARN_BOOL_CONVERSION = YES;
				CLANG_WARN_COMMA = YES;
				CLANG_WARN_CONSTANT_CONVERSION = YES;
				CLANG_WARN_DEPRECATED_OBJC_IMPLEMENTATIONS = YES;
				CLANG_WARN_DIRECT_OBJC_ISA_USAGE = YES_ERROR;
				CLANG_WARN_DOCUMENTATION_COMMENTS = YES;
				CLANG_WARN_EMPTY_BODY = YES;
				CLANG_WARN_ENUM_CONVERSION = YES;
				CLANG_WARN_INFINITE_RECURSION = YES;
				CLANG_WARN_INT_CONVERSION = YES;
				CLANG_WARN_NON_LITERAL_NULL_CONVERSION = YES;
				CLANG_WARN_OBJC_IMPLICIT_RETAIN_SELF = YES;
				CLANG_WARN_OBJC_LITERAL_CONVERSION = YES;
				CLANG_WARN_OBJC_ROOT_CLASS = YES_ERROR;
				CLANG_WARN_QUOTED_INCLUDE_IN_FRAMEWORK_HEADER = YES;
				CLANG_WARN_RANGE_LOOP_ANALYSIS = YES;
				CLANG_WARN_STRICT_PROTOTYPES = YES;
				CLANG_WARN_SUSPICIOUS_MOVE = YES;
				CLANG_WARN_UNGUARDED_AVAILABILITY = YES_AGGRESSIVE;
				CLANG_WARN_UNREACHABLE_CODE = YES;
				CLANG_WARN__DUPLICATE_METHOD_MATCH = YES;
				COPY_PHASE_STRIP = NO;
				DEBUG_INFORMATION_FORMAT = "dwarf-with-dsym";
				ENABLE_NS_ASSERTIONS = NO;
				ENABLE_STRICT_OBJC_MSGSEND = YES;
				ENABLE_USER_SCRIPT_SANDBOXING = YES;
				GCC_C_LANGUAGE_STANDARD = gnu17;
				GCC_NO_COMMON_BLOCKS = YES;
				GCC_WARN_64_TO_32_BIT_CONVERSION = YES;
				GCC_WARN_ABOUT_RETURN_TYPE = YES_ERROR;
				GCC_WARN_UNDECLARED_SELECTOR = YES;
				GCC_WARN_UNINITIALIZED_AUTOS = YES_AGGRESSIVE;
				GCC_WARN_UNUSED_FUNCTION = YES;
				GCC_WARN_UNUSED_VARIABLE = YES;
				IPHONEOS_DEPLOYMENT_TARGET = 17.5;
				LOCALIZATION_PREFERS_STRING_CATALOGS = YES;
				MTL_ENABLE_DEBUG_INFO = NO;
				MTL_FAST_MATH = YES;
				SDKROOT = iphoneos;
				SWIFT_COMPILATION_MODE = wholemodule;
				VALIDATE_PRODUCT = YES;
			};
			name = Release;
		};
		18AE7FBB2C450E8F004DB1FC /* Debug */ = {
			isa = XCBuildConfiguration;
			buildSettings = {
				ASSETCATALOG_COMPILER_APPICON_NAME = AppIcon;
				ASSETCATALOG_COMPILER_GLOBAL_ACCENT_COLOR_NAME = AccentColor;
				CODE_SIGN_STYLE = Automatic;
				CURRENT_PROJECT_VERSION = 1;
				DEVELOPMENT_ASSET_PATHS = "\"TestTaskForIncetro/Preview Content\"";
				DEVELOPMENT_TEAM = 4X4DPUCB9C;
				ENABLE_PREVIEWS = YES;
				GENERATE_INFOPLIST_FILE = YES;
				INFOPLIST_KEY_UIApplicationSceneManifest_Generation = YES;
				INFOPLIST_KEY_UIApplicationSupportsIndirectInputEvents = YES;
				INFOPLIST_KEY_UILaunchScreen_Generation = YES;
				INFOPLIST_KEY_UISupportedInterfaceOrientations_iPad = "UIInterfaceOrientationPortrait UIInterfaceOrientationPortraitUpsideDown UIInterfaceOrientationLandscapeLeft UIInterfaceOrientationLandscapeRight";
				INFOPLIST_KEY_UISupportedInterfaceOrientations_iPhone = "UIInterfaceOrientationPortrait UIInterfaceOrientationLandscapeLeft UIInterfaceOrientationLandscapeRight";
				LD_RUNPATH_SEARCH_PATHS = (
					"$(inherited)",
					"@executable_path/Frameworks",
				);
				MARKETING_VERSION = 1.0;
				PRODUCT_BUNDLE_IDENTIFIER = ru.TestTaskForIncetro;
				PRODUCT_NAME = "$(TARGET_NAME)";
				SWIFT_EMIT_LOC_STRINGS = YES;
				SWIFT_VERSION = 5.0;
				TARGETED_DEVICE_FAMILY = "1,2";
			};
			name = Debug;
		};
		18AE7FBC2C450E8F004DB1FC /* Release */ = {
			isa = XCBuildConfiguration;
			buildSettings = {
				ASSETCATALOG_COMPILER_APPICON_NAME = AppIcon;
				ASSETCATALOG_COMPILER_GLOBAL_ACCENT_COLOR_NAME = AccentColor;
				CODE_SIGN_STYLE = Automatic;
				CURRENT_PROJECT_VERSION = 1;
				DEVELOPMENT_ASSET_PATHS = "\"TestTaskForIncetro/Preview Content\"";
				DEVELOPMENT_TEAM = 4X4DPUCB9C;
				ENABLE_PREVIEWS = YES;
				GENERATE_INFOPLIST_FILE = YES;
				INFOPLIST_KEY_UIApplicationSceneManifest_Generation = YES;
				INFOPLIST_KEY_UIApplicationSupportsIndirectInputEvents = YES;
				INFOPLIST_KEY_UILaunchScreen_Generation = YES;
				INFOPLIST_KEY_UISupportedInterfaceOrientations_iPad = "UIInterfaceOrientationPortrait UIInterfaceOrientationPortraitUpsideDown UIInterfaceOrientationLandscapeLeft UIInterfaceOrientationLandscapeRight";
				INFOPLIST_KEY_UISupportedInterfaceOrientations_iPhone = "UIInterfaceOrientationPortrait UIInterfaceOrientationLandscapeLeft UIInterfaceOrientationLandscapeRight";
				LD_RUNPATH_SEARCH_PATHS = (
					"$(inherited)",
					"@executable_path/Frameworks",
				);
				MARKETING_VERSION = 1.0;
				PRODUCT_BUNDLE_IDENTIFIER = ru.TestTaskForIncetro;
				PRODUCT_NAME = "$(TARGET_NAME)";
				SWIFT_EMIT_LOC_STRINGS = YES;
				SWIFT_VERSION = 5.0;
				TARGETED_DEVICE_FAMILY = "1,2";
			};
			name = Release;
		};
/* End XCBuildConfiguration section */

/* Begin XCConfigurationList section */
		18AE7FA72C450E8D004DB1FC /* Build configuration list for PBXProject "TestTaskForIncetro" */ = {
			isa = XCConfigurationList;
			buildConfigurations = (
				18AE7FB82C450E8F004DB1FC /* Debug */,
				18AE7FB92C450E8F004DB1FC /* Release */,
			);
			defaultConfigurationIsVisible = 0;
			defaultConfigurationName = Release;
		};
		18AE7FBA2C450E8F004DB1FC /* Build configuration list for PBXNativeTarget "TestTaskForIncetro" */ = {
			isa = XCConfigurationList;
			buildConfigurations = (
				18AE7FBB2C450E8F004DB1FC /* Debug */,
				18AE7FBC2C450E8F004DB1FC /* Release */,
			);
			defaultConfigurationIsVisible = 0;
			defaultConfigurationName = Release;
		};
/* End XCConfigurationList section */
	};
	rootObject = 18AE7FA42C450E8D004DB1FC /* Project object */;
}
